
Microsoft Visual Studio Solution File, Format Version 12.00
# Visual Studio Version 17
VisualStudioVersion = 17.11.35431.28
MinimumVisualStudioVersion = 10.0.40219.1
Project("{FAE04EC0-301F-11D3-BF4B-00C04F79EFBC}") = "PokemonReviewApp", "PokemonReviewApp.csproj", "{643DCC52-5973-4256-87DD-704C807D1D1D}"
EndProject
Global
	GlobalSection(SolutionConfigurationPlatforms) = preSolution
		Debug|Any CPU = Debug|Any CPU
		Release|Any CPU = Release|Any CPU
	EndGlobalSection
	GlobalSection(ProjectConfigurationPlatforms) = postSolution
		{643DCC52-5973-4256-87DD-704C807D1D1D}.Debug|Any CPU.ActiveCfg = Debug|Any CPU
		{643DCC52-5973-4256-87DD-704C807D1D1D}.Debug|Any CPU.Build.0 = Debug|Any CPU
		{643DCC52-5973-4256-87DD-704C807D1D1D}.Release|Any CPU.ActiveCfg = Release|Any CPU
		{643DCC52-5973-4256-87DD-704C807D1D1D}.Release|Any CPU.Build.0 = Release|Any CPU
	EndGlobalSection
	GlobalSection(SolutionProperties) = preSolution
		HideSolutionNode = FALSE
	EndGlobalSection
	GlobalSection(ExtensibilityGlobals) = postSolution
		SolutionGuid = {AA8637E0-97AF-4B82-84B7-48FA3B6CA6AD}
	EndGlobalSection
EndGlobal
